
Microsoft Visual Studio Solution File, Format Version 12.00
Project("{FAE04EC0-301F-11D3-BF4B-00C04F79EFBC}") = "BattleShips", "BattleShips\BattleShips.csproj", "{E779FB13-2D7E-4C41-B551-A1C98B5F2128}"
EndProject
Project("{FAE04EC0-301F-11D3-BF4B-00C04F79EFBC}") = "BattleShips.Tests", "BattleShips.Tests\BattleShips.Tests.csproj", "{764189DB-AEEF-4992-AE8D-8DF7B81CDDE8}"
EndProject
Project("{FAE04EC0-301F-11D3-BF4B-00C04F79EFBC}") = "Presentation.Console", "Presentation.Console\Presentation.Console.csproj", "{36DF17E2-CF5E-4DAA-89B9-BB9E586F298D}"
EndProject
Global
	GlobalSection(SolutionConfigurationPlatforms) = preSolution
		Debug|Any CPU = Debug|Any CPU
		Release|Any CPU = Release|Any CPU
	EndGlobalSection
	GlobalSection(ProjectConfigurationPlatforms) = postSolution
		{E779FB13-2D7E-4C41-B551-A1C98B5F2128}.Debug|Any CPU.ActiveCfg = Debug|Any CPU
		{E779FB13-2D7E-4C41-B551-A1C98B5F2128}.Debug|Any CPU.Build.0 = Debug|Any CPU
		{E779FB13-2D7E-4C41-B551-A1C98B5F2128}.Release|Any CPU.ActiveCfg = Release|Any CPU
		{E779FB13-2D7E-4C41-B551-A1C98B5F2128}.Release|Any CPU.Build.0 = Release|Any CPU
		{764189DB-AEEF-4992-AE8D-8DF7B81CDDE8}.Debug|Any CPU.ActiveCfg = Debug|Any CPU
		{764189DB-AEEF-4992-AE8D-8DF7B81CDDE8}.Debug|Any CPU.Build.0 = Debug|Any CPU
		{764189DB-AEEF-4992-AE8D-8DF7B81CDDE8}.Release|Any CPU.ActiveCfg = Release|Any CPU
		{764189DB-AEEF-4992-AE8D-8DF7B81CDDE8}.Release|Any CPU.Build.0 = Release|Any CPU
		{36DF17E2-CF5E-4DAA-89B9-BB9E586F298D}.Debug|Any CPU.ActiveCfg = Debug|Any CPU
		{36DF17E2-CF5E-4DAA-89B9-BB9E586F298D}.Debug|Any CPU.Build.0 = Debug|Any CPU
		{36DF17E2-CF5E-4DAA-89B9-BB9E586F298D}.Release|Any CPU.ActiveCfg = Release|Any CPU
		{36DF17E2-CF5E-4DAA-89B9-BB9E586F298D}.Release|Any CPU.Build.0 = Release|Any CPU
	EndGlobalSection
EndGlobal
